// !$*UTF8*$!
{
	archiveVersion = 1;
	classes = {
	};
	objectVersion = 46;
	objects = {

/* Begin PBXBuildFile section */
		997962011B4CD6C300459652 /* JSONParser.m in Sources */ = {isa = PBXBuildFile; fileRef = 997962001B4CD6C300459652 /* JSONParser.m */; };
		999B91001B53739F00F4725A /* jquery.min.map in Resources */ = {isa = PBXBuildFile; fileRef = 99B152AB1B4BB8C800732AF5 /* jquery.min.map */; };
		999B91011B5378B700F4725A /* loader.js in Resources */ = {isa = PBXBuildFile; fileRef = 99B152871B4BB69000732AF5 /* loader.js */; };
		99B152701B4B2BAD00732AF5 /* AppTextFileResponse.m in Sources */ = {isa = PBXBuildFile; fileRef = 99B1526F1B4B2BAD00732AF5 /* AppTextFileResponse.m */; };
		99B152751B4B2BBA00732AF5 /* HTTPResponseHandler.m in Sources */ = {isa = PBXBuildFile; fileRef = 99B152721B4B2BBA00732AF5 /* HTTPResponseHandler.m */; };
		99B152761B4B2BBA00732AF5 /* HTTPServer.m in Sources */ = {isa = PBXBuildFile; fileRef = 99B152741B4B2BBA00732AF5 /* HTTPServer.m */; };
		99B152821B4BB66800732AF5 /* bootstrap.min.css in Resources */ = {isa = PBXBuildFile; fileRef = 99B152811B4BB66800732AF5 /* bootstrap.min.css */; };
		99B152891B4BB69000732AF5 /* bootstrap.min.js in Resources */ = {isa = PBXBuildFile; fileRef = 99B152831B4BB69000732AF5 /* bootstrap.min.js */; };
		99B1528A1B4BB69000732AF5 /* fm.js in Resources */ = {isa = PBXBuildFile; fileRef = 99B152841B4BB69000732AF5 /* fm.js */; };
		99B1528B1B4BB69000732AF5 /* generator.js in Resources */ = {isa = PBXBuildFile; fileRef = 99B152851B4BB69000732AF5 /* generator.js */; };
		99B1528C1B4BB69000732AF5 /* jquery.min.js in Resources */ = {isa = PBXBuildFile; fileRef = 99B152861B4BB69000732AF5 /* jquery.min.js */; };
		99B1528E1B4BB69000732AF5 /* table.js in Resources */ = {isa = PBXBuildFile; fileRef = 99B152881B4BB69000732AF5 /* table.js */; };
		99B1529E1B4BB83300732AF5 /* glyphicons-halflings-regular.eot in Resources */ = {isa = PBXBuildFile; fileRef = 99B152991B4BB83300732AF5 /* glyphicons-halflings-regular.eot */; };
		99B1529F1B4BB83300732AF5 /* glyphicons-halflings-regular.svg in Resources */ = {isa = PBXBuildFile; fileRef = 99B1529A1B4BB83300732AF5 /* glyphicons-halflings-regular.svg */; };
		99B152A01B4BB83300732AF5 /* glyphicons-halflings-regular.ttf in Resources */ = {isa = PBXBuildFile; fileRef = 99B1529B1B4BB83300732AF5 /* glyphicons-halflings-regular.ttf */; };
		99B152A11B4BB83300732AF5 /* glyphicons-halflings-regular.woff in Resources */ = {isa = PBXBuildFile; fileRef = 99B1529C1B4BB83300732AF5 /* glyphicons-halflings-regular.woff */; };
		99B152A21B4BB83300732AF5 /* glyphicons-halflings-regular.woff2 in Resources */ = {isa = PBXBuildFile; fileRef = 99B1529D1B4BB83300732AF5 /* glyphicons-halflings-regular.woff2 */; };
		99B152A71B4BB88F00732AF5 /* bread.html in Resources */ = {isa = PBXBuildFile; fileRef = 99B152A31B4BB88F00732AF5 /* bread.html */; };
		99B152A81B4BB88F00732AF5 /* folders.json in Resources */ = {isa = PBXBuildFile; fileRef = 99B152A41B4BB88F00732AF5 /* folders.json */; };
		99B152A91B4BB88F00732AF5 /* menu_left.json in Resources */ = {isa = PBXBuildFile; fileRef = 99B152A51B4BB88F00732AF5 /* menu_left.json */; };
		99B152AA1B4BB88F00732AF5 /* todo.txt in Resources */ = {isa = PBXBuildFile; fileRef = 99B152A61B4BB88F00732AF5 /* todo.txt */; };
		99B152AC1B4BB8C800732AF5 /* jquery.min.map in Sources */ = {isa = PBXBuildFile; fileRef = 99B152AB1B4BB8C800732AF5 /* jquery.min.map */; };
		99B152AE1B4BBA1C00732AF5 /* coba_upload.js in Resources */ = {isa = PBXBuildFile; fileRef = 99B152AD1B4BBA1C00732AF5 /* coba_upload.js */; };
		99B152B11B4BF3A700732AF5 /* PList.m in Sources */ = {isa = PBXBuildFile; fileRef = 99B152B01B4BF3A700732AF5 /* PList.m */; };
		99B1D5701B4E58DD00CCEC5C /* AppUploader.m in Sources */ = {isa = PBXBuildFile; fileRef = 99B1D56F1B4E58DD00CCEC5C /* AppUploader.m */; };
		B55B2AC01B4A86C900DED7E2 /* AppDelegate.m in Sources */ = {isa = PBXBuildFile; fileRef = B55B2ABF1B4A86C900DED7E2 /* AppDelegate.m */; };
		B55B2AC21B4A86C900DED7E2 /* main.m in Sources */ = {isa = PBXBuildFile; fileRef = B55B2AC11B4A86C900DED7E2 /* main.m */; };
		B55B2AC41B4A86C900DED7E2 /* Images.xcassets in Resources */ = {isa = PBXBuildFile; fileRef = B55B2AC31B4A86C900DED7E2 /* Images.xcassets */; };
		B55B2AC71B4A86C900DED7E2 /* MainMenu.xib in Resources */ = {isa = PBXBuildFile; fileRef = B55B2AC51B4A86C900DED7E2 /* MainMenu.xib */; };
		B55B2AD31B4A86C900DED7E2 /* MyDrivesMacTests.m in Sources */ = {isa = PBXBuildFile; fileRef = B55B2AD21B4A86C900DED7E2 /* MyDrivesMacTests.m */; };
		B5D0DBAD1B4AB73400B39CC7 /* Folders.plist in Resources */ = {isa = PBXBuildFile; fileRef = B5D0DBAC1B4AB73400B39CC7 /* Folders.plist */; };
		B5D0DBD71B4B165800B39CC7 /* index.html in Resources */ = {isa = PBXBuildFile; fileRef = B5D0DBD61B4B165800B39CC7 /* index.html */; };
		B5D0DBDC1B4B16AA00B39CC7 /* error.html in Resources */ = {isa = PBXBuildFile; fileRef = B5D0DBD81B4B16AA00B39CC7 /* error.html */; };
		B5D0DBDD1B4B16AA00B39CC7 /* favicon.bmp in Resources */ = {isa = PBXBuildFile; fileRef = B5D0DBD91B4B16AA00B39CC7 /* favicon.bmp */; };
		B5D0DBDE1B4B16AA00B39CC7 /* favicon.ico in Resources */ = {isa = PBXBuildFile; fileRef = B5D0DBDA1B4B16AA00B39CC7 /* favicon.ico */; };
		B5D0DBDF1B4B16AA00B39CC7 /* img_view.html in Resources */ = {isa = PBXBuildFile; fileRef = B5D0DBDB1B4B16AA00B39CC7 /* img_view.html */; };
/* End PBXBuildFile section */

/* Begin PBXContainerItemProxy section */
		B55B2ACD1B4A86C900DED7E2 /* PBXContainerItemProxy */ = {
			isa = PBXContainerItemProxy;
			containerPortal = B55B2AB11B4A86C900DED7E2 /* Project object */;
			proxyType = 1;
			remoteGlobalIDString = B55B2AB81B4A86C900DED7E2;
			remoteInfo = MyDrivesMac;
		};
/* End PBXContainerItemProxy section */

/* Begin PBXFileReference section */
		997961FF1B4CD6C300459652 /* JSONParser.h */ = {isa = PBXFileReference; fileEncoding = 4; lastKnownFileType = sourcecode.c.h; path = JSONParser.h; sourceTree = "<group>"; };
		997962001B4CD6C300459652 /* JSONParser.m */ = {isa = PBXFileReference; fileEncoding = 4; lastKnownFileType = sourcecode.c.objc; path = JSONParser.m; sourceTree = "<group>"; };
		99B1526E1B4B2BAD00732AF5 /* AppTextFileResponse.h */ = {isa = PBXFileReference; fileEncoding = 4; lastKnownFileType = sourcecode.c.h; path = AppTextFileResponse.h; sourceTree = "<group>"; };
		99B1526F1B4B2BAD00732AF5 /* AppTextFileResponse.m */ = {isa = PBXFileReference; fileEncoding = 4; lastKnownFileType = sourcecode.c.objc; path = AppTextFileResponse.m; sourceTree = "<group>"; };
		99B152711B4B2BBA00732AF5 /* HTTPResponseHandler.h */ = {isa = PBXFileReference; fileEncoding = 4; lastKnownFileType = sourcecode.c.h; path = HTTPResponseHandler.h; sourceTree = "<group>"; };
		99B152721B4B2BBA00732AF5 /* HTTPResponseHandler.m */ = {isa = PBXFileReference; fileEncoding = 4; lastKnownFileType = sourcecode.c.objc; path = HTTPResponseHandler.m; sourceTree = "<group>"; };
		99B152731B4B2BBA00732AF5 /* HTTPServer.h */ = {isa = PBXFileReference; fileEncoding = 4; lastKnownFileType = sourcecode.c.h; path = HTTPServer.h; sourceTree = "<group>"; };
		99B152741B4B2BBA00732AF5 /* HTTPServer.m */ = {isa = PBXFileReference; fileEncoding = 4; lastKnownFileType = sourcecode.c.objc; path = HTTPServer.m; sourceTree = "<group>"; };
		99B152771B4B2BCB00732AF5 /* SynthesizeSingleton.h */ = {isa = PBXFileReference; fileEncoding = 4; lastKnownFileType = sourcecode.c.h; path = SynthesizeSingleton.h; sourceTree = "<group>"; };
		99B152811B4BB66800732AF5 /* bootstrap.min.css */ = {isa = PBXFileReference; fileEncoding = 4; lastKnownFileType = text.css; name = bootstrap.min.css; path = css/bootstrap.min.css; sourceTree = "<group>"; };
		99B152831B4BB69000732AF5 /* bootstrap.min.js */ = {isa = PBXFileReference; fileEncoding = 4; lastKnownFileType = sourcecode.javascript; name = bootstrap.min.js; path = js/bootstrap.min.js; sourceTree = "<group>"; };
		99B152841B4BB69000732AF5 /* fm.js */ = {isa = PBXFileReference; fileEncoding = 4; lastKnownFileType = sourcecode.javascript; name = fm.js; path = js/fm.js; sourceTree = "<group>"; };
		99B152851B4BB69000732AF5 /* generator.js */ = {isa = PBXFileReference; fileEncoding = 4; lastKnownFileType = sourcecode.javascript; name = generator.js; path = js/generator.js; sourceTree = "<group>"; };
		99B152861B4BB69000732AF5 /* jquery.min.js */ = {isa = PBXFileReference; fileEncoding = 4; lastKnownFileType = sourcecode.javascript; name = jquery.min.js; path = js/jquery.min.js; sourceTree = "<group>"; };
		99B152871B4BB69000732AF5 /* loader.js */ = {isa = PBXFileReference; fileEncoding = 4; lastKnownFileType = sourcecode.javascript; name = loader.js; path = js/loader.js; sourceTree = "<group>"; };
		99B152881B4BB69000732AF5 /* table.js */ = {isa = PBXFileReference; fileEncoding = 4; lastKnownFileType = sourcecode.javascript; name = table.js; path = js/table.js; sourceTree = "<group>"; };
		99B152991B4BB83300732AF5 /* glyphicons-halflings-regular.eot */ = {isa = PBXFileReference; lastKnownFileType = file; name = "glyphicons-halflings-regular.eot"; path = "fonts/glyphicons-halflings-regular.eot"; sourceTree = "<group>"; };
		99B1529A1B4BB83300732AF5 /* glyphicons-halflings-regular.svg */ = {isa = PBXFileReference; fileEncoding = 4; lastKnownFileType = text.xml; name = "glyphicons-halflings-regular.svg"; path = "fonts/glyphicons-halflings-regular.svg"; sourceTree = "<group>"; };
		99B1529B1B4BB83300732AF5 /* glyphicons-halflings-regular.ttf */ = {isa = PBXFileReference; lastKnownFileType = file; name = "glyphicons-halflings-regular.ttf"; path = "fonts/glyphicons-halflings-regular.ttf"; sourceTree = "<group>"; };
		99B1529C1B4BB83300732AF5 /* glyphicons-halflings-regular.woff */ = {isa = PBXFileReference; lastKnownFileType = file; name = "glyphicons-halflings-regular.woff"; path = "fonts/glyphicons-halflings-regular.woff"; sourceTree = "<group>"; };
		99B1529D1B4BB83300732AF5 /* glyphicons-halflings-regular.woff2 */ = {isa = PBXFileReference; lastKnownFileType = file; name = "glyphicons-halflings-regular.woff2"; path = "fonts/glyphicons-halflings-regular.woff2"; sourceTree = "<group>"; };
		99B152A31B4BB88F00732AF5 /* bread.html */ = {isa = PBXFileReference; fileEncoding = 4; lastKnownFileType = text.html; name = bread.html; path = data/bread.html; sourceTree = "<group>"; };
		99B152A41B4BB88F00732AF5 /* folders.json */ = {isa = PBXFileReference; fileEncoding = 4; lastKnownFileType = text.json; name = folders.json; path = data/folders.json; sourceTree = "<group>"; };
		99B152A51B4BB88F00732AF5 /* menu_left.json */ = {isa = PBXFileReference; fileEncoding = 4; lastKnownFileType = text.json; name = menu_left.json; path = data/menu_left.json; sourceTree = "<group>"; };
		99B152A61B4BB88F00732AF5 /* todo.txt */ = {isa = PBXFileReference; fileEncoding = 4; lastKnownFileType = text; name = todo.txt; path = data/todo.txt; sourceTree = "<group>"; };
		99B152AB1B4BB8C800732AF5 /* jquery.min.map */ = {isa = PBXFileReference; fileEncoding = 4; lastKnownFileType = "sourcecode.module-map"; name = jquery.min.map; path = js/jquery.min.map; sourceTree = "<group>"; };
		99B152AD1B4BBA1C00732AF5 /* coba_upload.js */ = {isa = PBXFileReference; fileEncoding = 4; lastKnownFileType = sourcecode.javascript; name = coba_upload.js; path = js/coba_upload.js; sourceTree = "<group>"; };
		99B152AF1B4BF3A700732AF5 /* PList.h */ = {isa = PBXFileReference; fileEncoding = 4; lastKnownFileType = sourcecode.c.h; path = PList.h; sourceTree = "<group>"; };
		99B152B01B4BF3A700732AF5 /* PList.m */ = {isa = PBXFileReference; fileEncoding = 4; lastKnownFileType = sourcecode.c.objc; path = PList.m; sourceTree = "<group>"; };
		99B1D56E1B4E58DD00CCEC5C /* AppUploader.h */ = {isa = PBXFileReference; fileEncoding = 4; lastKnownFileType = sourcecode.c.h; path = AppUploader.h; sourceTree = "<group>"; };
		99B1D56F1B4E58DD00CCEC5C /* AppUploader.m */ = {isa = PBXFileReference; fileEncoding = 4; lastKnownFileType = sourcecode.c.objc; path = AppUploader.m; sourceTree = "<group>"; };
		B55B2AB91B4A86C900DED7E2 /* MyDrivesMac.app */ = {isa = PBXFileReference; explicitFileType = wrapper.application; includeInIndex = 0; path = MyDrivesMac.app; sourceTree = BUILT_PRODUCTS_DIR; };
		B55B2ABD1B4A86C900DED7E2 /* Info.plist */ = {isa = PBXFileReference; lastKnownFileType = text.plist.xml; path = Info.plist; sourceTree = "<group>"; };
		B55B2ABE1B4A86C900DED7E2 /* AppDelegate.h */ = {isa = PBXFileReference; lastKnownFileType = sourcecode.c.h; path = AppDelegate.h; sourceTree = "<group>"; };
		B55B2ABF1B4A86C900DED7E2 /* AppDelegate.m */ = {isa = PBXFileReference; lastKnownFileType = sourcecode.c.objc; path = AppDelegate.m; sourceTree = "<group>"; };
		B55B2AC11B4A86C900DED7E2 /* main.m */ = {isa = PBXFileReference; lastKnownFileType = sourcecode.c.objc; path = main.m; sourceTree = "<group>"; };
		B55B2AC31B4A86C900DED7E2 /* Images.xcassets */ = {isa = PBXFileReference; lastKnownFileType = folder.assetcatalog; path = Images.xcassets; sourceTree = "<group>"; };
		B55B2AC61B4A86C900DED7E2 /* Base */ = {isa = PBXFileReference; lastKnownFileType = file.xib; name = Base; path = Base.lproj/MainMenu.xib; sourceTree = "<group>"; };
		B55B2ACC1B4A86C900DED7E2 /* MyDrivesMacTests.xctest */ = {isa = PBXFileReference; explicitFileType = wrapper.cfbundle; includeInIndex = 0; path = MyDrivesMacTests.xctest; sourceTree = BUILT_PRODUCTS_DIR; };
		B55B2AD11B4A86C900DED7E2 /* Info.plist */ = {isa = PBXFileReference; lastKnownFileType = text.plist.xml; path = Info.plist; sourceTree = "<group>"; };
		B55B2AD21B4A86C900DED7E2 /* MyDrivesMacTests.m */ = {isa = PBXFileReference; lastKnownFileType = sourcecode.c.objc; path = MyDrivesMacTests.m; sourceTree = "<group>"; };
		B55B2ADC1B4A891E00DED7E2 /* WebKit.framework */ = {isa = PBXFileReference; lastKnownFileType = wrapper.framework; name = WebKit.framework; path = System/Library/Frameworks/WebKit.framework; sourceTree = SDKROOT; };
		B5D0DBAC1B4AB73400B39CC7 /* Folders.plist */ = {isa = PBXFileReference; fileEncoding = 4; lastKnownFileType = text.plist.xml; path = Folders.plist; sourceTree = "<group>"; };
		B5D0DBD61B4B165800B39CC7 /* index.html */ = {isa = PBXFileReference; fileEncoding = 4; lastKnownFileType = text.html; path = index.html; sourceTree = "<group>"; };
		B5D0DBD81B4B16AA00B39CC7 /* error.html */ = {isa = PBXFileReference; fileEncoding = 4; lastKnownFileType = text.html; path = error.html; sourceTree = "<group>"; };
		B5D0DBD91B4B16AA00B39CC7 /* favicon.bmp */ = {isa = PBXFileReference; lastKnownFileType = image.bmp; path = favicon.bmp; sourceTree = "<group>"; };
		B5D0DBDA1B4B16AA00B39CC7 /* favicon.ico */ = {isa = PBXFileReference; lastKnownFileType = image.ico; path = favicon.ico; sourceTree = "<group>"; };
		B5D0DBDB1B4B16AA00B39CC7 /* img_view.html */ = {isa = PBXFileReference; fileEncoding = 4; lastKnownFileType = text.html; path = img_view.html; sourceTree = "<group>"; };
/* End PBXFileReference section */

/* Begin PBXFrameworksBuildPhase section */
		B55B2AB61B4A86C900DED7E2 /* Frameworks */ = {
			isa = PBXFrameworksBuildPhase;
			buildActionMask = 2147483647;
			files = (
			);
			runOnlyForDeploymentPostprocessing = 0;
		};
		B55B2AC91B4A86C900DED7E2 /* Frameworks */ = {
			isa = PBXFrameworksBuildPhase;
			buildActionMask = 2147483647;
			files = (
			);
			runOnlyForDeploymentPostprocessing = 0;
		};
/* End PBXFrameworksBuildPhase section */

/* Begin PBXGroup section */
		B55B2AB01B4A86C900DED7E2 = {
			isa = PBXGroup;
			children = (
				B5D0DBAE1B4B136000B39CC7 /* Site */,
				B5D0DBAC1B4AB73400B39CC7 /* Folders.plist */,
				B55B2ADC1B4A891E00DED7E2 /* WebKit.framework */,
				B55B2ABB1B4A86C900DED7E2 /* MyDrivesMac */,
				B55B2ACF1B4A86C900DED7E2 /* MyDrivesMacTests */,
				B55B2ABA1B4A86C900DED7E2 /* Products */,
			);
			sourceTree = "<group>";
		};
		B55B2ABA1B4A86C900DED7E2 /* Products */ = {
			isa = PBXGroup;
			children = (
				B55B2AB91B4A86C900DED7E2 /* MyDrivesMac.app */,
				B55B2ACC1B4A86C900DED7E2 /* MyDrivesMacTests.xctest */,
			);
			name = Products;
			sourceTree = "<group>";
		};
		B55B2ABB1B4A86C900DED7E2 /* MyDrivesMac */ = {
			isa = PBXGroup;
			children = (
				99B1526E1B4B2BAD00732AF5 /* AppTextFileResponse.h */,
				99B1526F1B4B2BAD00732AF5 /* AppTextFileResponse.m */,
				99B1D56E1B4E58DD00CCEC5C /* AppUploader.h */,
				99B1D56F1B4E58DD00CCEC5C /* AppUploader.m */,
				99B152771B4B2BCB00732AF5 /* SynthesizeSingleton.h */,
				99B152711B4B2BBA00732AF5 /* HTTPResponseHandler.h */,
				99B152721B4B2BBA00732AF5 /* HTTPResponseHandler.m */,
				99B152731B4B2BBA00732AF5 /* HTTPServer.h */,
				99B152741B4B2BBA00732AF5 /* HTTPServer.m */,
				B55B2ABE1B4A86C900DED7E2 /* AppDelegate.h */,
				B55B2ABF1B4A86C900DED7E2 /* AppDelegate.m */,
				B55B2AC31B4A86C900DED7E2 /* Images.xcassets */,
				B55B2AC51B4A86C900DED7E2 /* MainMenu.xib */,
				B55B2ABC1B4A86C900DED7E2 /* Supporting Files */,
				99B152AF1B4BF3A700732AF5 /* PList.h */,
				99B152B01B4BF3A700732AF5 /* PList.m */,
				997961FF1B4CD6C300459652 /* JSONParser.h */,
				997962001B4CD6C300459652 /* JSONParser.m */,
			);
			path = MyDrivesMac;
			sourceTree = "<group>";
		};
		B55B2ABC1B4A86C900DED7E2 /* Supporting Files */ = {
			isa = PBXGroup;
			children = (
				B55B2ABD1B4A86C900DED7E2 /* Info.plist */,
				B55B2AC11B4A86C900DED7E2 /* main.m */,
			);
			name = "Supporting Files";
			sourceTree = "<group>";
		};
		B55B2ACF1B4A86C900DED7E2 /* MyDrivesMacTests */ = {
			isa = PBXGroup;
			children = (
				B55B2AD21B4A86C900DED7E2 /* MyDrivesMacTests.m */,
				B55B2AD01B4A86C900DED7E2 /* Supporting Files */,
			);
			path = MyDrivesMacTests;
			sourceTree = "<group>";
		};
		B55B2AD01B4A86C900DED7E2 /* Supporting Files */ = {
			isa = PBXGroup;
			children = (
				B55B2AD11B4A86C900DED7E2 /* Info.plist */,
			);
			name = "Supporting Files";
			sourceTree = "<group>";
		};
		B5D0DBAE1B4B136000B39CC7 /* Site */ = {
			isa = PBXGroup;
			children = (
				B5D0DBD81B4B16AA00B39CC7 /* error.html */,
				B5D0DBD91B4B16AA00B39CC7 /* favicon.bmp */,
				B5D0DBDA1B4B16AA00B39CC7 /* favicon.ico */,
				B5D0DBDB1B4B16AA00B39CC7 /* img_view.html */,
				B5D0DBD61B4B165800B39CC7 /* index.html */,
				B5D0DBCD1B4B163B00B39CC7 /* data */,
				B5D0DBB31B4B146F00B39CC7 /* fonts */,
				B5D0DBB01B4B138100B39CC7 /* css */,
				B5D0DBAF1B4B137600B39CC7 /* js */,
			);
			name = Site;
			sourceTree = "<group>";
		};
		B5D0DBAF1B4B137600B39CC7 /* js */ = {
			isa = PBXGroup;
			children = (
				99B152AD1B4BBA1C00732AF5 /* coba_upload.js */,
				99B152AB1B4BB8C800732AF5 /* jquery.min.map */,
				99B152831B4BB69000732AF5 /* bootstrap.min.js */,
				99B152841B4BB69000732AF5 /* fm.js */,
				99B152851B4BB69000732AF5 /* generator.js */,
				99B152861B4BB69000732AF5 /* jquery.min.js */,
				99B152871B4BB69000732AF5 /* loader.js */,
				99B152881B4BB69000732AF5 /* table.js */,
			);
			name = js;
			sourceTree = "<group>";
		};
		B5D0DBB01B4B138100B39CC7 /* css */ = {
			isa = PBXGroup;
			children = (
				99B152811B4BB66800732AF5 /* bootstrap.min.css */,
			);
			name = css;
			sourceTree = "<group>";
		};
		B5D0DBB31B4B146F00B39CC7 /* fonts */ = {
			isa = PBXGroup;
			children = (
				99B152991B4BB83300732AF5 /* glyphicons-halflings-regular.eot */,
				99B1529A1B4BB83300732AF5 /* glyphicons-halflings-regular.svg */,
				99B1529B1B4BB83300732AF5 /* glyphicons-halflings-regular.ttf */,
				99B1529C1B4BB83300732AF5 /* glyphicons-halflings-regular.woff */,
				99B1529D1B4BB83300732AF5 /* glyphicons-halflings-regular.woff2 */,
			);
			name = fonts;
			sourceTree = "<group>";
		};
		B5D0DBCD1B4B163B00B39CC7 /* data */ = {
			isa = PBXGroup;
			children = (
				99B152A31B4BB88F00732AF5 /* bread.html */,
				99B152A41B4BB88F00732AF5 /* folders.json */,
				99B152A51B4BB88F00732AF5 /* menu_left.json */,
				99B152A61B4BB88F00732AF5 /* todo.txt */,
			);
			name = data;
			sourceTree = "<group>";
		};
/* End PBXGroup section */

/* Begin PBXNativeTarget section */
		B55B2AB81B4A86C900DED7E2 /* MyDrivesMac */ = {
			isa = PBXNativeTarget;
			buildConfigurationList = B55B2AD61B4A86C900DED7E2 /* Build configuration list for PBXNativeTarget "MyDrivesMac" */;
			buildPhases = (
				B55B2AB51B4A86C900DED7E2 /* Sources */,
				B55B2AB61B4A86C900DED7E2 /* Frameworks */,
				B55B2AB71B4A86C900DED7E2 /* Resources */,
			);
			buildRules = (
			);
			dependencies = (
			);
			name = MyDrivesMac;
			productName = MyDrivesMac;
			productReference = B55B2AB91B4A86C900DED7E2 /* MyDrivesMac.app */;
			productType = "com.apple.product-type.application";
		};
		B55B2ACB1B4A86C900DED7E2 /* MyDrivesMacTests */ = {
			isa = PBXNativeTarget;
			buildConfigurationList = B55B2AD91B4A86C900DED7E2 /* Build configuration list for PBXNativeTarget "MyDrivesMacTests" */;
			buildPhases = (
				B55B2AC81B4A86C900DED7E2 /* Sources */,
				B55B2AC91B4A86C900DED7E2 /* Frameworks */,
				B55B2ACA1B4A86C900DED7E2 /* Resources */,
			);
			buildRules = (
			);
			dependencies = (
				B55B2ACE1B4A86C900DED7E2 /* PBXTargetDependency */,
			);
			name = MyDrivesMacTests;
			productName = MyDrivesMacTests;
			productReference = B55B2ACC1B4A86C900DED7E2 /* MyDrivesMacTests.xctest */;
			productType = "com.apple.product-type.bundle.unit-test";
		};
/* End PBXNativeTarget section */

/* Begin PBXProject section */
		B55B2AB11B4A86C900DED7E2 /* Project object */ = {
			isa = PBXProject;
			attributes = {
				LastUpgradeCheck = 0640;
				ORGANIZATIONNAME = cobasoft;
				TargetAttributes = {
					B55B2AB81B4A86C900DED7E2 = {
						CreatedOnToolsVersion = 6.4;
					};
					B55B2ACB1B4A86C900DED7E2 = {
						CreatedOnToolsVersion = 6.4;
						TestTargetID = B55B2AB81B4A86C900DED7E2;
					};
				};
			};
			buildConfigurationList = B55B2AB41B4A86C900DED7E2 /* Build configuration list for PBXProject "MyDrivesMac" */;
			compatibilityVersion = "Xcode 3.2";
			developmentRegion = English;
			hasScannedForEncodings = 0;
			knownRegions = (
				en,
				Base,
			);
			mainGroup = B55B2AB01B4A86C900DED7E2;
			productRefGroup = B55B2ABA1B4A86C900DED7E2 /* Products */;
			projectDirPath = "";
			projectRoot = "";
			targets = (
				B55B2AB81B4A86C900DED7E2 /* MyDrivesMac */,
				B55B2ACB1B4A86C900DED7E2 /* MyDrivesMacTests */,
			);
		};
/* End PBXProject section */

/* Begin PBXResourcesBuildPhase section */
		B55B2AB71B4A86C900DED7E2 /* Resources */ = {
			isa = PBXResourcesBuildPhase;
			buildActionMask = 2147483647;
			files = (
				999B91011B5378B700F4725A /* loader.js in Resources */,
				999B91001B53739F00F4725A /* jquery.min.map in Resources */,
				99B152AA1B4BB88F00732AF5 /* todo.txt in Resources */,
				99B152A21B4BB83300732AF5 /* glyphicons-halflings-regular.woff2 in Resources */,
				99B152A91B4BB88F00732AF5 /* menu_left.json in Resources */,
				99B152AE1B4BBA1C00732AF5 /* coba_upload.js in Resources */,
				99B152A11B4BB83300732AF5 /* glyphicons-halflings-regular.woff in Resources */,
				99B1529F1B4BB83300732AF5 /* glyphicons-halflings-regular.svg in Resources */,
				99B152891B4BB69000732AF5 /* bootstrap.min.js in Resources */,
				B5D0DBD71B4B165800B39CC7 /* index.html in Resources */,
				B55B2AC41B4A86C900DED7E2 /* Images.xcassets in Resources */,
				99B1529E1B4BB83300732AF5 /* glyphicons-halflings-regular.eot in Resources */,
				99B152A01B4BB83300732AF5 /* glyphicons-halflings-regular.ttf in Resources */,
				99B1528A1B4BB69000732AF5 /* fm.js in Resources */,
				B5D0DBAD1B4AB73400B39CC7 /* Folders.plist in Resources */,
				B55B2AC71B4A86C900DED7E2 /* MainMenu.xib in Resources */,
				B5D0DBDD1B4B16AA00B39CC7 /* favicon.bmp in Resources */,
				B5D0DBDF1B4B16AA00B39CC7 /* img_view.html in Resources */,
				99B152A71B4BB88F00732AF5 /* bread.html in Resources */,
				B5D0DBDC1B4B16AA00B39CC7 /* error.html in Resources */,
				99B1528C1B4BB69000732AF5 /* jquery.min.js in Resources */,
				99B152A81B4BB88F00732AF5 /* folders.json in Resources */,
				B5D0DBDE1B4B16AA00B39CC7 /* favicon.ico in Resources */,
				99B152821B4BB66800732AF5 /* bootstrap.min.css in Resources */,
				99B1528B1B4BB69000732AF5 /* generator.js in Resources */,
				99B1528E1B4BB69000732AF5 /* table.js in Resources */,
			);
			runOnlyForDeploymentPostprocessing = 0;
		};
		B55B2ACA1B4A86C900DED7E2 /* Resources */ = {
			isa = PBXResourcesBuildPhase;
			buildActionMask = 2147483647;
			files = (
			);
			runOnlyForDeploymentPostprocessing = 0;
		};
/* End PBXResourcesBuildPhase section */

/* Begin PBXSourcesBuildPhase section */
		B55B2AB51B4A86C900DED7E2 /* Sources */ = {
			isa = PBXSourcesBuildPhase;
			buildActionMask = 2147483647;
			files = (
				99B152701B4B2BAD00732AF5 /* AppTextFileResponse.m in Sources */,
				B55B2AC21B4A86C900DED7E2 /* main.m in Sources */,
				B55B2AC01B4A86C900DED7E2 /* AppDelegate.m in Sources */,
				99B152AC1B4BB8C800732AF5 /* jquery.min.map in Sources */,
				997962011B4CD6C300459652 /* JSONParser.m in Sources */,
				99B152B11B4BF3A700732AF5 /* PList.m in Sources */,
				99B152761B4B2BBA00732AF5 /* HTTPServer.m in Sources */,
				99B152751B4B2BBA00732AF5 /* HTTPResponseHandler.m in Sources */,
				99B1D5701B4E58DD00CCEC5C /* AppUploader.m in Sources */,
			);
			runOnlyForDeploymentPostprocessing = 0;
		};
		B55B2AC81B4A86C900DED7E2 /* Sources */ = {
			isa = PBXSourcesBuildPhase;
			buildActionMask = 2147483647;
			files = (
				B55B2AD31B4A86C900DED7E2 /* MyDrivesMacTests.m in Sources */,
			);
			runOnlyForDeploymentPostprocessing = 0;
		};
/* End PBXSourcesBuildPhase section */

/* Begin PBXTargetDependency section */
		B55B2ACE1B4A86C900DED7E2 /* PBXTargetDependency */ = {
			isa = PBXTargetDependency;
			target = B55B2AB81B4A86C900DED7E2 /* MyDrivesMac */;
			targetProxy = B55B2ACD1B4A86C900DED7E2 /* PBXContainerItemProxy */;
		};
/* End PBXTargetDependency section */

/* Begin PBXVariantGroup section */
		B55B2AC51B4A86C900DED7E2 /* MainMenu.xib */ = {
			isa = PBXVariantGroup;
			children = (
				B55B2AC61B4A86C900DED7E2 /* Base */,
			);
			name = MainMenu.xib;
			sourceTree = "<group>";
		};
/* End PBXVariantGroup section */

/* Begin XCBuildConfiguration section */
		B55B2AD41B4A86C900DED7E2 /* Debug */ = {
			isa = XCBuildConfiguration;
			buildSettings = {
				ALWAYS_SEARCH_USER_PATHS = NO;
				CLANG_CXX_LANGUAGE_STANDARD = "gnu++0x";
				CLANG_CXX_LIBRARY = "libc++";
				CLANG_ENABLE_MODULES = YES;
				CLANG_ENABLE_OBJC_ARC = YES;
				CLANG_WARN_BOOL_CONVERSION = YES;
				CLANG_WARN_CONSTANT_CONVERSION = YES;
				CLANG_WARN_DIRECT_OBJC_ISA_USAGE = YES_ERROR;
				CLANG_WARN_EMPTY_BODY = YES;
				CLANG_WARN_ENUM_CONVERSION = YES;
				CLANG_WARN_INT_CONVERSION = YES;
				CLANG_WARN_OBJC_ROOT_CLASS = YES_ERROR;
				CLANG_WARN_UNREACHABLE_CODE = YES;
				CLANG_WARN__DUPLICATE_METHOD_MATCH = YES;
				CODE_SIGN_IDENTITY = "-";
				COPY_PHASE_STRIP = NO;
				DEBUG_INFORMATION_FORMAT = dwarf;
				ENABLE_STRICT_OBJC_MSGSEND = YES;
				GCC_C_LANGUAGE_STANDARD = gnu99;
				GCC_DYNAMIC_NO_PIC = NO;
				GCC_NO_COMMON_BLOCKS = YES;
				GCC_OPTIMIZATION_LEVEL = 0;
				GCC_PREPROCESSOR_DEFINITIONS = (
					"DEBUG=1",
					"$(inherited)",
				);
				GCC_SYMBOLS_PRIVATE_EXTERN = NO;
				GCC_WARN_64_TO_32_BIT_CONVERSION = YES;
				GCC_WARN_ABOUT_RETURN_TYPE = YES_ERROR;
				GCC_WARN_UNDECLARED_SELECTOR = YES;
				GCC_WARN_UNINITIALIZED_AUTOS = YES_AGGRESSIVE;
				GCC_WARN_UNUSED_FUNCTION = YES;
				GCC_WARN_UNUSED_VARIABLE = YES;
				MACOSX_DEPLOYMENT_TARGET = 10.10;
				MTL_ENABLE_DEBUG_INFO = YES;
				ONLY_ACTIVE_ARCH = YES;
				SDKROOT = macosx;
			};
			name = Debug;
		};
		B55B2AD51B4A86C900DED7E2 /* Release */ = {
			isa = XCBuildConfiguration;
			buildSettings = {
				ALWAYS_SEARCH_USER_PATHS = NO;
				CLANG_CXX_LANGUAGE_STANDARD = "gnu++0x";
				CLANG_CXX_LIBRARY = "libc++";
				CLANG_ENABLE_MODULES = YES;
				CLANG_ENABLE_OBJC_ARC = YES;
				CLANG_WARN_BOOL_CONVERSION = YES;
				CLANG_WARN_CONSTANT_CONVERSION = YES;
				CLANG_WARN_DIRECT_OBJC_ISA_USAGE = YES_ERROR;
				CLANG_WARN_EMPTY_BODY = YES;
				CLANG_WARN_ENUM_CONVERSION = YES;
				CLANG_WARN_INT_CONVERSION = YES;
				CLANG_WARN_OBJC_ROOT_CLASS = YES_ERROR;
				CLANG_WARN_UNREACHABLE_CODE = YES;
				CLANG_WARN__DUPLICATE_METHOD_MATCH = YES;
				CODE_SIGN_IDENTITY = "-";
				COPY_PHASE_STRIP = NO;
				DEBUG_INFORMATION_FORMAT = "dwarf-with-dsym";
				ENABLE_NS_ASSERTIONS = NO;
				ENABLE_STRICT_OBJC_MSGSEND = YES;
				GCC_C_LANGUAGE_STANDARD = gnu99;
				GCC_NO_COMMON_BLOCKS = YES;
				GCC_WARN_64_TO_32_BIT_CONVERSION = YES;
				GCC_WARN_ABOUT_RETURN_TYPE = YES_ERROR;
				GCC_WARN_UNDECLARED_SELECTOR = YES;
				GCC_WARN_UNINITIALIZED_AUTOS = YES_AGGRESSIVE;
				GCC_WARN_UNUSED_FUNCTION = YES;
				GCC_WARN_UNUSED_VARIABLE = YES;
				MACOSX_DEPLOYMENT_TARGET = 10.10;
				MTL_ENABLE_DEBUG_INFO = NO;
				SDKROOT = macosx;
			};
			name = Release;
		};
		B55B2AD71B4A86C900DED7E2 /* Debug */ = {
			isa = XCBuildConfiguration;
			buildSettings = {
				ASSETCATALOG_COMPILER_APPICON_NAME = AppIcon;
				COMBINE_HIDPI_IMAGES = YES;
				INFOPLIST_FILE = MyDrivesMac/Info.plist;
				LD_RUNPATH_SEARCH_PATHS = "$(inherited) @executable_path/../Frameworks";
				PRODUCT_NAME = "$(TARGET_NAME)";
			};
			name = Debug;
		};
		B55B2AD81B4A86C900DED7E2 /* Release */ = {
			isa = XCBuildConfiguration;
			buildSettings = {
				ASSETCATALOG_COMPILER_APPICON_NAME = AppIcon;
				COMBINE_HIDPI_IMAGES = YES;
				INFOPLIST_FILE = MyDrivesMac/Info.plist;
				LD_RUNPATH_SEARCH_PATHS = "$(inherited) @executable_path/../Frameworks";
				PRODUCT_NAME = "$(TARGET_NAME)";
			};
			name = Release;
		};
		B55B2ADA1B4A86C900DED7E2 /* Debug */ = {
			isa = XCBuildConfiguration;
			buildSettings = {
				BUNDLE_LOADER = "$(TEST_HOST)";
				COMBINE_HIDPI_IMAGES = YES;
				FRAMEWORK_SEARCH_PATHS = (
					"$(DEVELOPER_FRAMEWORKS_DIR)",
					"$(inherited)",
				);
				GCC_PREPROCESSOR_DEFINITIONS = (
					"DEBUG=1",
					"$(inherited)",
				);
				INFOPLIST_FILE = MyDrivesMacTests/Info.plist;
				LD_RUNPATH_SEARCH_PATHS = "$(inherited) @executable_path/../Frameworks @loader_path/../Frameworks";
				PRODUCT_NAME = "$(TARGET_NAME)";
				TEST_HOST = "$(BUILT_PRODUCTS_DIR)/MyDrivesMac.app/Contents/MacOS/MyDrivesMac";
			};
			name = Debug;
		};
		B55B2ADB1B4A86C900DED7E2 /* Release */ = {
			isa = XCBuildConfiguration;
			buildSettings = {
				BUNDLE_LOADER = "$(TEST_HOST)";
				COMBINE_HIDPI_IMAGES = YES;
				FRAMEWORK_SEARCH_PATHS = (
					"$(DEVELOPER_FRAMEWORKS_DIR)",
					"$(inherited)",
				);
				INFOPLIST_FILE = MyDrivesMacTests/Info.plist;
				LD_RUNPATH_SEARCH_PATHS = "$(inherited) @executable_path/../Frameworks @loader_path/../Frameworks";
				PRODUCT_NAME = "$(TARGET_NAME)";
				TEST_HOST = "$(BUILT_PRODUCTS_DIR)/MyDrivesMac.app/Contents/MacOS/MyDrivesMac";
			};
			name = Release;
		};
/* End XCBuildConfiguration section */

/* Begin XCConfigurationList section */
		B55B2AB41B4A86C900DED7E2 /* Build configuration list for PBXProject "MyDrivesMac" */ = {
			isa = XCConfigurationList;
			buildConfigurations = (
				B55B2AD41B4A86C900DED7E2 /* Debug */,
				B55B2AD51B4A86C900DED7E2 /* Release */,
			);
			defaultConfigurationIsVisible = 0;
			defaultConfigurationName = Release;
		};
		B55B2AD61B4A86C900DED7E2 /* Build configuration list for PBXNativeTarget "MyDrivesMac" */ = {
			isa = XCConfigurationList;
			buildConfigurations = (
				B55B2AD71B4A86C900DED7E2 /* Debug */,
				B55B2AD81B4A86C900DED7E2 /* Release */,
			);
			defaultConfigurationIsVisible = 0;
			defaultConfigurationName = Release;
		};
		B55B2AD91B4A86C900DED7E2 /* Build configuration list for PBXNativeTarget "MyDrivesMacTests" */ = {
			isa = XCConfigurationList;
			buildConfigurations = (
				B55B2ADA1B4A86C900DED7E2 /* Debug */,
				B55B2ADB1B4A86C900DED7E2 /* Release */,
			);
			defaultConfigurationIsVisible = 0;
			defaultConfigurationName = Release;
		};
/* End XCConfigurationList section */
	};
	rootObject = B55B2AB11B4A86C900DED7E2 /* Project object */;
}
