// !$*UTF8*$!
{
	archiveVersion = 1;
	classes = {
	};
	objectVersion = 46;
	objects = {

/* Begin PBXBuildFile section */
		B55B2AC01B4A86C900DED7E2 /* AppDelegate.m in Sources */ = {isa = PBXBuildFile; fileRef = B55B2ABF1B4A86C900DED7E2 /* AppDelegate.m */; };
		B55B2AC21B4A86C900DED7E2 /* main.m in Sources */ = {isa = PBXBuildFile; fileRef = B55B2AC11B4A86C900DED7E2 /* main.m */; };
		B55B2AC41B4A86C900DED7E2 /* Images.xcassets in Resources */ = {isa = PBXBuildFile; fileRef = B55B2AC31B4A86C900DED7E2 /* Images.xcassets */; };
		B55B2AC71B4A86C900DED7E2 /* MainMenu.xib in Resources */ = {isa = PBXBuildFile; fileRef = B55B2AC51B4A86C900DED7E2 /* MainMenu.xib */; };
		B55B2AD31B4A86C900DED7E2 /* MyDrivesMacTests.m in Sources */ = {isa = PBXBuildFile; fileRef = B55B2AD21B4A86C900DED7E2 /* MyDrivesMacTests.m */; };
		B5D0DBAD1B4AB73400B39CC7 /* Folders.plist in Resources */ = {isa = PBXBuildFile; fileRef = B5D0DBAC1B4AB73400B39CC7 /* Folders.plist */; };
		B5D0DBB21B4B146800B39CC7 /* bootstrap.min.css in Resources */ = {isa = PBXBuildFile; fileRef = B5D0DBB11B4B146800B39CC7 /* bootstrap.min.css */; };
		B5D0DBB91B4B160000B39CC7 /* glyphicons-halflings-regular.svg in Resources */ = {isa = PBXBuildFile; fileRef = B5D0DBB51B4B160000B39CC7 /* glyphicons-halflings-regular.svg */; };
		B5D0DBBA1B4B160000B39CC7 /* glyphicons-halflings-regular.ttf in Resources */ = {isa = PBXBuildFile; fileRef = B5D0DBB61B4B160000B39CC7 /* glyphicons-halflings-regular.ttf */; };
		B5D0DBBB1B4B160000B39CC7 /* glyphicons-halflings-regular.woff in Resources */ = {isa = PBXBuildFile; fileRef = B5D0DBB71B4B160000B39CC7 /* glyphicons-halflings-regular.woff */; };
		B5D0DBBC1B4B160000B39CC7 /* glyphicons-halflings-regular.woff2 in Resources */ = {isa = PBXBuildFile; fileRef = B5D0DBB81B4B160000B39CC7 /* glyphicons-halflings-regular.woff2 */; };
		B5D0DBC51B4B162100B39CC7 /* bootstrap.min.js in Resources */ = {isa = PBXBuildFile; fileRef = B5D0DBBD1B4B162100B39CC7 /* bootstrap.min.js */; };
		B5D0DBC61B4B162100B39CC7 /* coba_upload.js in Resources */ = {isa = PBXBuildFile; fileRef = B5D0DBBE1B4B162100B39CC7 /* coba_upload.js */; };
		B5D0DBC71B4B162100B39CC7 /* fm.js in Resources */ = {isa = PBXBuildFile; fileRef = B5D0DBBF1B4B162100B39CC7 /* fm.js */; };
		B5D0DBC81B4B162100B39CC7 /* generator.js in Resources */ = {isa = PBXBuildFile; fileRef = B5D0DBC01B4B162100B39CC7 /* generator.js */; };
		B5D0DBC91B4B162100B39CC7 /* jquery.min.js in Resources */ = {isa = PBXBuildFile; fileRef = B5D0DBC11B4B162100B39CC7 /* jquery.min.js */; };
		B5D0DBCA1B4B162100B39CC7 /* jquery.min.map in Sources */ = {isa = PBXBuildFile; fileRef = B5D0DBC21B4B162100B39CC7 /* jquery.min.map */; };
		B5D0DBCB1B4B162100B39CC7 /* loader.js in Resources */ = {isa = PBXBuildFile; fileRef = B5D0DBC31B4B162100B39CC7 /* loader.js */; };
		B5D0DBCC1B4B162100B39CC7 /* table.js in Resources */ = {isa = PBXBuildFile; fileRef = B5D0DBC41B4B162100B39CC7 /* table.js */; };
		B5D0DBD21B4B164800B39CC7 /* bread.html in Resources */ = {isa = PBXBuildFile; fileRef = B5D0DBCE1B4B164800B39CC7 /* bread.html */; };
		B5D0DBD31B4B164800B39CC7 /* folders.json in Resources */ = {isa = PBXBuildFile; fileRef = B5D0DBCF1B4B164800B39CC7 /* folders.json */; };
		B5D0DBD41B4B164800B39CC7 /* menu_left.json in Resources */ = {isa = PBXBuildFile; fileRef = B5D0DBD01B4B164800B39CC7 /* menu_left.json */; };
		B5D0DBD51B4B164800B39CC7 /* todo.txt in Resources */ = {isa = PBXBuildFile; fileRef = B5D0DBD11B4B164800B39CC7 /* todo.txt */; };
		B5D0DBD71B4B165800B39CC7 /* index.html in Resources */ = {isa = PBXBuildFile; fileRef = B5D0DBD61B4B165800B39CC7 /* index.html */; };
		B5D0DBDC1B4B16AA00B39CC7 /* error.html in Resources */ = {isa = PBXBuildFile; fileRef = B5D0DBD81B4B16AA00B39CC7 /* error.html */; };
		B5D0DBDD1B4B16AA00B39CC7 /* favicon.bmp in Resources */ = {isa = PBXBuildFile; fileRef = B5D0DBD91B4B16AA00B39CC7 /* favicon.bmp */; };
		B5D0DBDE1B4B16AA00B39CC7 /* favicon.ico in Resources */ = {isa = PBXBuildFile; fileRef = B5D0DBDA1B4B16AA00B39CC7 /* favicon.ico */; };
		B5D0DBDF1B4B16AA00B39CC7 /* img_view.html in Resources */ = {isa = PBXBuildFile; fileRef = B5D0DBDB1B4B16AA00B39CC7 /* img_view.html */; };
		B5D0DBE11B4B173600B39CC7 /* WndWebView.xib in Resources */ = {isa = PBXBuildFile; fileRef = B5D0DBE01B4B173600B39CC7 /* WndWebView.xib */; };
		B5D0DBE51B4B176700B39CC7 /* WndWebView.m in Sources */ = {isa = PBXBuildFile; fileRef = B5D0DBE41B4B176700B39CC7 /* WndWebView.m */; };
		B5D0DBE61B4B177F00B39CC7 /* WebKit.framework in Frameworks */ = {isa = PBXBuildFile; fileRef = B55B2ADC1B4A891E00DED7E2 /* WebKit.framework */; };
/* End PBXBuildFile section */

/* Begin PBXContainerItemProxy section */
		B55B2ACD1B4A86C900DED7E2 /* PBXContainerItemProxy */ = {
			isa = PBXContainerItemProxy;
			containerPortal = B55B2AB11B4A86C900DED7E2 /* Project object */;
			proxyType = 1;
			remoteGlobalIDString = B55B2AB81B4A86C900DED7E2;
			remoteInfo = MyDrivesMac;
		};
/* End PBXContainerItemProxy section */

/* Begin PBXFileReference section */
		B55B2AB91B4A86C900DED7E2 /* MyDrivesMac.app */ = {isa = PBXFileReference; explicitFileType = wrapper.application; includeInIndex = 0; path = MyDrivesMac.app; sourceTree = BUILT_PRODUCTS_DIR; };
		B55B2ABD1B4A86C900DED7E2 /* Info.plist */ = {isa = PBXFileReference; lastKnownFileType = text.plist.xml; path = Info.plist; sourceTree = "<group>"; };
		B55B2ABE1B4A86C900DED7E2 /* AppDelegate.h */ = {isa = PBXFileReference; lastKnownFileType = sourcecode.c.h; path = AppDelegate.h; sourceTree = "<group>"; };
		B55B2ABF1B4A86C900DED7E2 /* AppDelegate.m */ = {isa = PBXFileReference; lastKnownFileType = sourcecode.c.objc; path = AppDelegate.m; sourceTree = "<group>"; };
		B55B2AC11B4A86C900DED7E2 /* main.m */ = {isa = PBXFileReference; lastKnownFileType = sourcecode.c.objc; path = main.m; sourceTree = "<group>"; };
		B55B2AC31B4A86C900DED7E2 /* Images.xcassets */ = {isa = PBXFileReference; lastKnownFileType = folder.assetcatalog; path = Images.xcassets; sourceTree = "<group>"; };
		B55B2AC61B4A86C900DED7E2 /* Base */ = {isa = PBXFileReference; lastKnownFileType = file.xib; name = Base; path = Base.lproj/MainMenu.xib; sourceTree = "<group>"; };
		B55B2ACC1B4A86C900DED7E2 /* MyDrivesMacTests.xctest */ = {isa = PBXFileReference; explicitFileType = wrapper.cfbundle; includeInIndex = 0; path = MyDrivesMacTests.xctest; sourceTree = BUILT_PRODUCTS_DIR; };
		B55B2AD11B4A86C900DED7E2 /* Info.plist */ = {isa = PBXFileReference; lastKnownFileType = text.plist.xml; path = Info.plist; sourceTree = "<group>"; };
		B55B2AD21B4A86C900DED7E2 /* MyDrivesMacTests.m */ = {isa = PBXFileReference; lastKnownFileType = sourcecode.c.objc; path = MyDrivesMacTests.m; sourceTree = "<group>"; };
		B55B2ADC1B4A891E00DED7E2 /* WebKit.framework */ = {isa = PBXFileReference; lastKnownFileType = wrapper.framework; name = WebKit.framework; path = System/Library/Frameworks/WebKit.framework; sourceTree = SDKROOT; };
		B5D0DBAC1B4AB73400B39CC7 /* Folders.plist */ = {isa = PBXFileReference; fileEncoding = 4; lastKnownFileType = text.plist.xml; path = Folders.plist; sourceTree = "<group>"; };
		B5D0DBB11B4B146800B39CC7 /* bootstrap.min.css */ = {isa = PBXFileReference; fileEncoding = 4; lastKnownFileType = text.css; path = bootstrap.min.css; sourceTree = "<group>"; };
		B5D0DBB41B4B150700B39CC7 /* glyphicons-halflings-regular.eot */ = {isa = PBXFileReference; lastKnownFileType = file; path = "glyphicons-halflings-regular.eot"; sourceTree = "<group>"; };
		B5D0DBB51B4B160000B39CC7 /* glyphicons-halflings-regular.svg */ = {isa = PBXFileReference; fileEncoding = 4; lastKnownFileType = text.xml; path = "glyphicons-halflings-regular.svg"; sourceTree = "<group>"; };
		B5D0DBB61B4B160000B39CC7 /* glyphicons-halflings-regular.ttf */ = {isa = PBXFileReference; lastKnownFileType = file; path = "glyphicons-halflings-regular.ttf"; sourceTree = "<group>"; };
		B5D0DBB71B4B160000B39CC7 /* glyphicons-halflings-regular.woff */ = {isa = PBXFileReference; lastKnownFileType = file; path = "glyphicons-halflings-regular.woff"; sourceTree = "<group>"; };
		B5D0DBB81B4B160000B39CC7 /* glyphicons-halflings-regular.woff2 */ = {isa = PBXFileReference; lastKnownFileType = file; path = "glyphicons-halflings-regular.woff2"; sourceTree = "<group>"; };
		B5D0DBBD1B4B162100B39CC7 /* bootstrap.min.js */ = {isa = PBXFileReference; fileEncoding = 4; lastKnownFileType = sourcecode.javascript; path = bootstrap.min.js; sourceTree = "<group>"; };
		B5D0DBBE1B4B162100B39CC7 /* coba_upload.js */ = {isa = PBXFileReference; fileEncoding = 4; lastKnownFileType = sourcecode.javascript; path = coba_upload.js; sourceTree = "<group>"; };
		B5D0DBBF1B4B162100B39CC7 /* fm.js */ = {isa = PBXFileReference; fileEncoding = 4; lastKnownFileType = sourcecode.javascript; path = fm.js; sourceTree = "<group>"; };
		B5D0DBC01B4B162100B39CC7 /* generator.js */ = {isa = PBXFileReference; fileEncoding = 4; lastKnownFileType = sourcecode.javascript; path = generator.js; sourceTree = "<group>"; };
		B5D0DBC11B4B162100B39CC7 /* jquery.min.js */ = {isa = PBXFileReference; fileEncoding = 4; lastKnownFileType = sourcecode.javascript; path = jquery.min.js; sourceTree = "<group>"; };
		B5D0DBC21B4B162100B39CC7 /* jquery.min.map */ = {isa = PBXFileReference; fileEncoding = 4; lastKnownFileType = "sourcecode.module-map"; path = jquery.min.map; sourceTree = "<group>"; };
		B5D0DBC31B4B162100B39CC7 /* loader.js */ = {isa = PBXFileReference; fileEncoding = 4; lastKnownFileType = sourcecode.javascript; path = loader.js; sourceTree = "<group>"; };
		B5D0DBC41B4B162100B39CC7 /* table.js */ = {isa = PBXFileReference; fileEncoding = 4; lastKnownFileType = sourcecode.javascript; path = table.js; sourceTree = "<group>"; };
		B5D0DBCE1B4B164800B39CC7 /* bread.html */ = {isa = PBXFileReference; fileEncoding = 4; lastKnownFileType = text.html; path = bread.html; sourceTree = "<group>"; };
		B5D0DBCF1B4B164800B39CC7 /* folders.json */ = {isa = PBXFileReference; fileEncoding = 4; lastKnownFileType = text.json; path = folders.json; sourceTree = "<group>"; };
		B5D0DBD01B4B164800B39CC7 /* menu_left.json */ = {isa = PBXFileReference; fileEncoding = 4; lastKnownFileType = text.json; path = menu_left.json; sourceTree = "<group>"; };
		B5D0DBD11B4B164800B39CC7 /* todo.txt */ = {isa = PBXFileReference; fileEncoding = 4; lastKnownFileType = text; path = todo.txt; sourceTree = "<group>"; };
		B5D0DBD61B4B165800B39CC7 /* index.html */ = {isa = PBXFileReference; fileEncoding = 4; lastKnownFileType = text.html; path = index.html; sourceTree = "<group>"; };
		B5D0DBD81B4B16AA00B39CC7 /* error.html */ = {isa = PBXFileReference; fileEncoding = 4; lastKnownFileType = text.html; path = error.html; sourceTree = "<group>"; };
		B5D0DBD91B4B16AA00B39CC7 /* favicon.bmp */ = {isa = PBXFileReference; lastKnownFileType = image.bmp; path = favicon.bmp; sourceTree = "<group>"; };
		B5D0DBDA1B4B16AA00B39CC7 /* favicon.ico */ = {isa = PBXFileReference; lastKnownFileType = image.ico; path = favicon.ico; sourceTree = "<group>"; };
		B5D0DBDB1B4B16AA00B39CC7 /* img_view.html */ = {isa = PBXFileReference; fileEncoding = 4; lastKnownFileType = text.html; path = img_view.html; sourceTree = "<group>"; };
		B5D0DBE01B4B173600B39CC7 /* WndWebView.xib */ = {isa = PBXFileReference; fileEncoding = 4; lastKnownFileType = file.xib; path = WndWebView.xib; sourceTree = "<group>"; };
		B5D0DBE31B4B176700B39CC7 /* WndWebView.h */ = {isa = PBXFileReference; fileEncoding = 4; lastKnownFileType = sourcecode.c.h; path = WndWebView.h; sourceTree = "<group>"; };
		B5D0DBE41B4B176700B39CC7 /* WndWebView.m */ = {isa = PBXFileReference; fileEncoding = 4; lastKnownFileType = sourcecode.c.objc; path = WndWebView.m; sourceTree = "<group>"; };
/* End PBXFileReference section */

/* Begin PBXFrameworksBuildPhase section */
		B55B2AB61B4A86C900DED7E2 /* Frameworks */ = {
			isa = PBXFrameworksBuildPhase;
			buildActionMask = 2147483647;
			files = (
				B5D0DBE61B4B177F00B39CC7 /* WebKit.framework in Frameworks */,
			);
			runOnlyForDeploymentPostprocessing = 0;
		};
		B55B2AC91B4A86C900DED7E2 /* Frameworks */ = {
			isa = PBXFrameworksBuildPhase;
			buildActionMask = 2147483647;
			files = (
			);
			runOnlyForDeploymentPostprocessing = 0;
		};
/* End PBXFrameworksBuildPhase section */

/* Begin PBXGroup section */
		B55B2AB01B4A86C900DED7E2 = {
			isa = PBXGroup;
			children = (
				B5D0DBAE1B4B136000B39CC7 /* Site */,
				B5D0DBAC1B4AB73400B39CC7 /* Folders.plist */,
				B55B2ADC1B4A891E00DED7E2 /* WebKit.framework */,
				B55B2ABB1B4A86C900DED7E2 /* MyDrivesMac */,
				B55B2ACF1B4A86C900DED7E2 /* MyDrivesMacTests */,
				B55B2ABA1B4A86C900DED7E2 /* Products */,
			);
			sourceTree = "<group>";
		};
		B55B2ABA1B4A86C900DED7E2 /* Products */ = {
			isa = PBXGroup;
			children = (
				B55B2AB91B4A86C900DED7E2 /* MyDrivesMac.app */,
				B55B2ACC1B4A86C900DED7E2 /* MyDrivesMacTests.xctest */,
			);
			name = Products;
			sourceTree = "<group>";
		};
		B55B2ABB1B4A86C900DED7E2 /* MyDrivesMac */ = {
			isa = PBXGroup;
			children = (
				B5D0DBE21B4B174800B39CC7 /* WndControllers */,
				B55B2ABE1B4A86C900DED7E2 /* AppDelegate.h */,
				B55B2ABF1B4A86C900DED7E2 /* AppDelegate.m */,
				B55B2AC31B4A86C900DED7E2 /* Images.xcassets */,
				B55B2AC51B4A86C900DED7E2 /* MainMenu.xib */,
				B55B2ABC1B4A86C900DED7E2 /* Supporting Files */,
				B5D0DBE01B4B173600B39CC7 /* WndWebView.xib */,
			);
			path = MyDrivesMac;
			sourceTree = "<group>";
		};
		B55B2ABC1B4A86C900DED7E2 /* Supporting Files */ = {
			isa = PBXGroup;
			children = (
				B55B2ABD1B4A86C900DED7E2 /* Info.plist */,
				B55B2AC11B4A86C900DED7E2 /* main.m */,
			);
			name = "Supporting Files";
			sourceTree = "<group>";
		};
		B55B2ACF1B4A86C900DED7E2 /* MyDrivesMacTests */ = {
			isa = PBXGroup;
			children = (
				B55B2AD21B4A86C900DED7E2 /* MyDrivesMacTests.m */,
				B55B2AD01B4A86C900DED7E2 /* Supporting Files */,
			);
			path = MyDrivesMacTests;
			sourceTree = "<group>";
		};
		B55B2AD01B4A86C900DED7E2 /* Supporting Files */ = {
			isa = PBXGroup;
			children = (
				B55B2AD11B4A86C900DED7E2 /* Info.plist */,
			);
			name = "Supporting Files";
			sourceTree = "<group>";
		};
		B5D0DBAE1B4B136000B39CC7 /* Site */ = {
			isa = PBXGroup;
			children = (
				B5D0DBD81B4B16AA00B39CC7 /* error.html */,
				B5D0DBD91B4B16AA00B39CC7 /* favicon.bmp */,
				B5D0DBDA1B4B16AA00B39CC7 /* favicon.ico */,
				B5D0DBDB1B4B16AA00B39CC7 /* img_view.html */,
				B5D0DBD61B4B165800B39CC7 /* index.html */,
				B5D0DBCD1B4B163B00B39CC7 /* data */,
				B5D0DBB31B4B146F00B39CC7 /* fonts */,
				B5D0DBB01B4B138100B39CC7 /* css */,
				B5D0DBAF1B4B137600B39CC7 /* js */,
			);
			name = Site;
			sourceTree = "<group>";
		};
		B5D0DBAF1B4B137600B39CC7 /* js */ = {
			isa = PBXGroup;
			children = (
				B5D0DBBD1B4B162100B39CC7 /* bootstrap.min.js */,
				B5D0DBBE1B4B162100B39CC7 /* coba_upload.js */,
				B5D0DBBF1B4B162100B39CC7 /* fm.js */,
				B5D0DBC01B4B162100B39CC7 /* generator.js */,
				B5D0DBC11B4B162100B39CC7 /* jquery.min.js */,
				B5D0DBC21B4B162100B39CC7 /* jquery.min.map */,
				B5D0DBC31B4B162100B39CC7 /* loader.js */,
				B5D0DBC41B4B162100B39CC7 /* table.js */,
			);
			name = js;
			sourceTree = "<group>";
		};
		B5D0DBB01B4B138100B39CC7 /* css */ = {
			isa = PBXGroup;
			children = (
				B5D0DBB11B4B146800B39CC7 /* bootstrap.min.css */,
			);
			name = css;
			sourceTree = "<group>";
		};
		B5D0DBB31B4B146F00B39CC7 /* fonts */ = {
			isa = PBXGroup;
			children = (
				B5D0DBB51B4B160000B39CC7 /* glyphicons-halflings-regular.svg */,
				B5D0DBB61B4B160000B39CC7 /* glyphicons-halflings-regular.ttf */,
				B5D0DBB71B4B160000B39CC7 /* glyphicons-halflings-regular.woff */,
				B5D0DBB81B4B160000B39CC7 /* glyphicons-halflings-regular.woff2 */,
				B5D0DBB41B4B150700B39CC7 /* glyphicons-halflings-regular.eot */,
			);
			name = fonts;
			sourceTree = "<group>";
		};
		B5D0DBCD1B4B163B00B39CC7 /* data */ = {
			isa = PBXGroup;
			children = (
				B5D0DBCE1B4B164800B39CC7 /* bread.html */,
				B5D0DBCF1B4B164800B39CC7 /* folders.json */,
				B5D0DBD01B4B164800B39CC7 /* menu_left.json */,
				B5D0DBD11B4B164800B39CC7 /* todo.txt */,
			);
			name = data;
			sourceTree = "<group>";
		};
		B5D0DBE21B4B174800B39CC7 /* WndControllers */ = {
			isa = PBXGroup;
			children = (
				B5D0DBE31B4B176700B39CC7 /* WndWebView.h */,
				B5D0DBE41B4B176700B39CC7 /* WndWebView.m */,
			);
			name = WndControllers;
			sourceTree = "<group>";
		};
/* End PBXGroup section */

/* Begin PBXNativeTarget section */
		B55B2AB81B4A86C900DED7E2 /* MyDrivesMac */ = {
			isa = PBXNativeTarget;
			buildConfigurationList = B55B2AD61B4A86C900DED7E2 /* Build configuration list for PBXNativeTarget "MyDrivesMac" */;
			buildPhases = (
				B55B2AB51B4A86C900DED7E2 /* Sources */,
				B55B2AB61B4A86C900DED7E2 /* Frameworks */,
				B55B2AB71B4A86C900DED7E2 /* Resources */,
			);
			buildRules = (
			);
			dependencies = (
			);
			name = MyDrivesMac;
			productName = MyDrivesMac;
			productReference = B55B2AB91B4A86C900DED7E2 /* MyDrivesMac.app */;
			productType = "com.apple.product-type.application";
		};
		B55B2ACB1B4A86C900DED7E2 /* MyDrivesMacTests */ = {
			isa = PBXNativeTarget;
			buildConfigurationList = B55B2AD91B4A86C900DED7E2 /* Build configuration list for PBXNativeTarget "MyDrivesMacTests" */;
			buildPhases = (
				B55B2AC81B4A86C900DED7E2 /* Sources */,
				B55B2AC91B4A86C900DED7E2 /* Frameworks */,
				B55B2ACA1B4A86C900DED7E2 /* Resources */,
			);
			buildRules = (
			);
			dependencies = (
				B55B2ACE1B4A86C900DED7E2 /* PBXTargetDependency */,
			);
			name = MyDrivesMacTests;
			productName = MyDrivesMacTests;
			productReference = B55B2ACC1B4A86C900DED7E2 /* MyDrivesMacTests.xctest */;
			productType = "com.apple.product-type.bundle.unit-test";
		};
/* End PBXNativeTarget section */

/* Begin PBXProject section */
		B55B2AB11B4A86C900DED7E2 /* Project object */ = {
			isa = PBXProject;
			attributes = {
				LastUpgradeCheck = 0640;
				ORGANIZATIONNAME = cobasoft;
				TargetAttributes = {
					B55B2AB81B4A86C900DED7E2 = {
						CreatedOnToolsVersion = 6.4;
					};
					B55B2ACB1B4A86C900DED7E2 = {
						CreatedOnToolsVersion = 6.4;
						TestTargetID = B55B2AB81B4A86C900DED7E2;
					};
				};
			};
			buildConfigurationList = B55B2AB41B4A86C900DED7E2 /* Build configuration list for PBXProject "MyDrivesMac" */;
			compatibilityVersion = "Xcode 3.2";
			developmentRegion = English;
			hasScannedForEncodings = 0;
			knownRegions = (
				en,
				Base,
			);
			mainGroup = B55B2AB01B4A86C900DED7E2;
			productRefGroup = B55B2ABA1B4A86C900DED7E2 /* Products */;
			projectDirPath = "";
			projectRoot = "";
			targets = (
				B55B2AB81B4A86C900DED7E2 /* MyDrivesMac */,
				B55B2ACB1B4A86C900DED7E2 /* MyDrivesMacTests */,
			);
		};
/* End PBXProject section */

/* Begin PBXResourcesBuildPhase section */
		B55B2AB71B4A86C900DED7E2 /* Resources */ = {
			isa = PBXResourcesBuildPhase;
			buildActionMask = 2147483647;
			files = (
				B5D0DBE11B4B173600B39CC7 /* WndWebView.xib in Resources */,
				B5D0DBC71B4B162100B39CC7 /* fm.js in Resources */,
				B5D0DBC51B4B162100B39CC7 /* bootstrap.min.js in Resources */,
				B5D0DBBC1B4B160000B39CC7 /* glyphicons-halflings-regular.woff2 in Resources */,
				B5D0DBD41B4B164800B39CC7 /* menu_left.json in Resources */,
				B5D0DBB21B4B146800B39CC7 /* bootstrap.min.css in Resources */,
				B5D0DBD71B4B165800B39CC7 /* index.html in Resources */,
				B55B2AC41B4A86C900DED7E2 /* Images.xcassets in Resources */,
				B5D0DBBA1B4B160000B39CC7 /* glyphicons-halflings-regular.ttf in Resources */,
				B5D0DBAD1B4AB73400B39CC7 /* Folders.plist in Resources */,
				B5D0DBBB1B4B160000B39CC7 /* glyphicons-halflings-regular.woff in Resources */,
				B55B2AC71B4A86C900DED7E2 /* MainMenu.xib in Resources */,
				B5D0DBC61B4B162100B39CC7 /* coba_upload.js in Resources */,
				B5D0DBC81B4B162100B39CC7 /* generator.js in Resources */,
				B5D0DBD51B4B164800B39CC7 /* todo.txt in Resources */,
				B5D0DBDD1B4B16AA00B39CC7 /* favicon.bmp in Resources */,
				B5D0DBDF1B4B16AA00B39CC7 /* img_view.html in Resources */,
				B5D0DBD21B4B164800B39CC7 /* bread.html in Resources */,
				B5D0DBCC1B4B162100B39CC7 /* table.js in Resources */,
				B5D0DBCB1B4B162100B39CC7 /* loader.js in Resources */,
				B5D0DBC91B4B162100B39CC7 /* jquery.min.js in Resources */,
				B5D0DBDC1B4B16AA00B39CC7 /* error.html in Resources */,
				B5D0DBB91B4B160000B39CC7 /* glyphicons-halflings-regular.svg in Resources */,
				B5D0DBDE1B4B16AA00B39CC7 /* favicon.ico in Resources */,
				B5D0DBD31B4B164800B39CC7 /* folders.json in Resources */,
			);
			runOnlyForDeploymentPostprocessing = 0;
		};
		B55B2ACA1B4A86C900DED7E2 /* Resources */ = {
			isa = PBXResourcesBuildPhase;
			buildActionMask = 2147483647;
			files = (
			);
			runOnlyForDeploymentPostprocessing = 0;
		};
/* End PBXResourcesBuildPhase section */

/* Begin PBXSourcesBuildPhase section */
		B55B2AB51B4A86C900DED7E2 /* Sources */ = {
			isa = PBXSourcesBuildPhase;
			buildActionMask = 2147483647;
			files = (
				B5D0DBCA1B4B162100B39CC7 /* jquery.min.map in Sources */,
				B5D0DBE51B4B176700B39CC7 /* WndWebView.m in Sources */,
				B55B2AC21B4A86C900DED7E2 /* main.m in Sources */,
				B55B2AC01B4A86C900DED7E2 /* AppDelegate.m in Sources */,
			);
			runOnlyForDeploymentPostprocessing = 0;
		};
		B55B2AC81B4A86C900DED7E2 /* Sources */ = {
			isa = PBXSourcesBuildPhase;
			buildActionMask = 2147483647;
			files = (
				B55B2AD31B4A86C900DED7E2 /* MyDrivesMacTests.m in Sources */,
			);
			runOnlyForDeploymentPostprocessing = 0;
		};
/* End PBXSourcesBuildPhase section */

/* Begin PBXTargetDependency section */
		B55B2ACE1B4A86C900DED7E2 /* PBXTargetDependency */ = {
			isa = PBXTargetDependency;
			target = B55B2AB81B4A86C900DED7E2 /* MyDrivesMac */;
			targetProxy = B55B2ACD1B4A86C900DED7E2 /* PBXContainerItemProxy */;
		};
/* End PBXTargetDependency section */

/* Begin PBXVariantGroup section */
		B55B2AC51B4A86C900DED7E2 /* MainMenu.xib */ = {
			isa = PBXVariantGroup;
			children = (
				B55B2AC61B4A86C900DED7E2 /* Base */,
			);
			name = MainMenu.xib;
			sourceTree = "<group>";
		};
/* End PBXVariantGroup section */

/* Begin XCBuildConfiguration section */
		B55B2AD41B4A86C900DED7E2 /* Debug */ = {
			isa = XCBuildConfiguration;
			buildSettings = {
				ALWAYS_SEARCH_USER_PATHS = NO;
				CLANG_CXX_LANGUAGE_STANDARD = "gnu++0x";
				CLANG_CXX_LIBRARY = "libc++";
				CLANG_ENABLE_MODULES = YES;
				CLANG_ENABLE_OBJC_ARC = YES;
				CLANG_WARN_BOOL_CONVERSION = YES;
				CLANG_WARN_CONSTANT_CONVERSION = YES;
				CLANG_WARN_DIRECT_OBJC_ISA_USAGE = YES_ERROR;
				CLANG_WARN_EMPTY_BODY = YES;
				CLANG_WARN_ENUM_CONVERSION = YES;
				CLANG_WARN_INT_CONVERSION = YES;
				CLANG_WARN_OBJC_ROOT_CLASS = YES_ERROR;
				CLANG_WARN_UNREACHABLE_CODE = YES;
				CLANG_WARN__DUPLICATE_METHOD_MATCH = YES;
				CODE_SIGN_IDENTITY = "-";
				COPY_PHASE_STRIP = NO;
				DEBUG_INFORMATION_FORMAT = dwarf;
				ENABLE_STRICT_OBJC_MSGSEND = YES;
				GCC_C_LANGUAGE_STANDARD = gnu99;
				GCC_DYNAMIC_NO_PIC = NO;
				GCC_NO_COMMON_BLOCKS = YES;
				GCC_OPTIMIZATION_LEVEL = 0;
				GCC_PREPROCESSOR_DEFINITIONS = (
					"DEBUG=1",
					"$(inherited)",
				);
				GCC_SYMBOLS_PRIVATE_EXTERN = NO;
				GCC_WARN_64_TO_32_BIT_CONVERSION = YES;
				GCC_WARN_ABOUT_RETURN_TYPE = YES_ERROR;
				GCC_WARN_UNDECLARED_SELECTOR = YES;
				GCC_WARN_UNINITIALIZED_AUTOS = YES_AGGRESSIVE;
				GCC_WARN_UNUSED_FUNCTION = YES;
				GCC_WARN_UNUSED_VARIABLE = YES;
				MACOSX_DEPLOYMENT_TARGET = 10.10;
				MTL_ENABLE_DEBUG_INFO = YES;
				ONLY_ACTIVE_ARCH = YES;
				SDKROOT = macosx;
			};
			name = Debug;
		};
		B55B2AD51B4A86C900DED7E2 /* Release */ = {
			isa = XCBuildConfiguration;
			buildSettings = {
				ALWAYS_SEARCH_USER_PATHS = NO;
				CLANG_CXX_LANGUAGE_STANDARD = "gnu++0x";
				CLANG_CXX_LIBRARY = "libc++";
				CLANG_ENABLE_MODULES = YES;
				CLANG_ENABLE_OBJC_ARC = YES;
				CLANG_WARN_BOOL_CONVERSION = YES;
				CLANG_WARN_CONSTANT_CONVERSION = YES;
				CLANG_WARN_DIRECT_OBJC_ISA_USAGE = YES_ERROR;
				CLANG_WARN_EMPTY_BODY = YES;
				CLANG_WARN_ENUM_CONVERSION = YES;
				CLANG_WARN_INT_CONVERSION = YES;
				CLANG_WARN_OBJC_ROOT_CLASS = YES_ERROR;
				CLANG_WARN_UNREACHABLE_CODE = YES;
				CLANG_WARN__DUPLICATE_METHOD_MATCH = YES;
				CODE_SIGN_IDENTITY = "-";
				COPY_PHASE_STRIP = NO;
				DEBUG_INFORMATION_FORMAT = "dwarf-with-dsym";
				ENABLE_NS_ASSERTIONS = NO;
				ENABLE_STRICT_OBJC_MSGSEND = YES;
				GCC_C_LANGUAGE_STANDARD = gnu99;
				GCC_NO_COMMON_BLOCKS = YES;
				GCC_WARN_64_TO_32_BIT_CONVERSION = YES;
				GCC_WARN_ABOUT_RETURN_TYPE = YES_ERROR;
				GCC_WARN_UNDECLARED_SELECTOR = YES;
				GCC_WARN_UNINITIALIZED_AUTOS = YES_AGGRESSIVE;
				GCC_WARN_UNUSED_FUNCTION = YES;
				GCC_WARN_UNUSED_VARIABLE = YES;
				MACOSX_DEPLOYMENT_TARGET = 10.10;
				MTL_ENABLE_DEBUG_INFO = NO;
				SDKROOT = macosx;
			};
			name = Release;
		};
		B55B2AD71B4A86C900DED7E2 /* Debug */ = {
			isa = XCBuildConfiguration;
			buildSettings = {
				ASSETCATALOG_COMPILER_APPICON_NAME = AppIcon;
				COMBINE_HIDPI_IMAGES = YES;
				INFOPLIST_FILE = MyDrivesMac/Info.plist;
				LD_RUNPATH_SEARCH_PATHS = "$(inherited) @executable_path/../Frameworks";
				PRODUCT_NAME = "$(TARGET_NAME)";
			};
			name = Debug;
		};
		B55B2AD81B4A86C900DED7E2 /* Release */ = {
			isa = XCBuildConfiguration;
			buildSettings = {
				ASSETCATALOG_COMPILER_APPICON_NAME = AppIcon;
				COMBINE_HIDPI_IMAGES = YES;
				INFOPLIST_FILE = MyDrivesMac/Info.plist;
				LD_RUNPATH_SEARCH_PATHS = "$(inherited) @executable_path/../Frameworks";
				PRODUCT_NAME = "$(TARGET_NAME)";
			};
			name = Release;
		};
		B55B2ADA1B4A86C900DED7E2 /* Debug */ = {
			isa = XCBuildConfiguration;
			buildSettings = {
				BUNDLE_LOADER = "$(TEST_HOST)";
				COMBINE_HIDPI_IMAGES = YES;
				FRAMEWORK_SEARCH_PATHS = (
					"$(DEVELOPER_FRAMEWORKS_DIR)",
					"$(inherited)",
				);
				GCC_PREPROCESSOR_DEFINITIONS = (
					"DEBUG=1",
					"$(inherited)",
				);
				INFOPLIST_FILE = MyDrivesMacTests/Info.plist;
				LD_RUNPATH_SEARCH_PATHS = "$(inherited) @executable_path/../Frameworks @loader_path/../Frameworks";
				PRODUCT_NAME = "$(TARGET_NAME)";
				TEST_HOST = "$(BUILT_PRODUCTS_DIR)/MyDrivesMac.app/Contents/MacOS/MyDrivesMac";
			};
			name = Debug;
		};
		B55B2ADB1B4A86C900DED7E2 /* Release */ = {
			isa = XCBuildConfiguration;
			buildSettings = {
				BUNDLE_LOADER = "$(TEST_HOST)";
				COMBINE_HIDPI_IMAGES = YES;
				FRAMEWORK_SEARCH_PATHS = (
					"$(DEVELOPER_FRAMEWORKS_DIR)",
					"$(inherited)",
				);
				INFOPLIST_FILE = MyDrivesMacTests/Info.plist;
				LD_RUNPATH_SEARCH_PATHS = "$(inherited) @executable_path/../Frameworks @loader_path/../Frameworks";
				PRODUCT_NAME = "$(TARGET_NAME)";
				TEST_HOST = "$(BUILT_PRODUCTS_DIR)/MyDrivesMac.app/Contents/MacOS/MyDrivesMac";
			};
			name = Release;
		};
/* End XCBuildConfiguration section */

/* Begin XCConfigurationList section */
		B55B2AB41B4A86C900DED7E2 /* Build configuration list for PBXProject "MyDrivesMac" */ = {
			isa = XCConfigurationList;
			buildConfigurations = (
				B55B2AD41B4A86C900DED7E2 /* Debug */,
				B55B2AD51B4A86C900DED7E2 /* Release */,
			);
			defaultConfigurationIsVisible = 0;
			defaultConfigurationName = Release;
		};
		B55B2AD61B4A86C900DED7E2 /* Build configuration list for PBXNativeTarget "MyDrivesMac" */ = {
			isa = XCConfigurationList;
			buildConfigurations = (
				B55B2AD71B4A86C900DED7E2 /* Debug */,
				B55B2AD81B4A86C900DED7E2 /* Release */,
			);
			defaultConfigurationIsVisible = 0;
			defaultConfigurationName = Release;
		};
		B55B2AD91B4A86C900DED7E2 /* Build configuration list for PBXNativeTarget "MyDrivesMacTests" */ = {
			isa = XCConfigurationList;
			buildConfigurations = (
				B55B2ADA1B4A86C900DED7E2 /* Debug */,
				B55B2ADB1B4A86C900DED7E2 /* Release */,
			);
			defaultConfigurationIsVisible = 0;
			defaultConfigurationName = Release;
		};
/* End XCConfigurationList section */
	};
	rootObject = B55B2AB11B4A86C900DED7E2 /* Project object */;
}
